// !$*UTF8*$!
{
	archiveVersion = 1;
	classes = {
	};
	objectVersion = 48;
	objects = {

/* Begin PBXBuildFile section */
		286B14C39BC910215785E03B /* Pods_Swift4RealTimeChat.framework in Frameworks */ = {isa = PBXBuildFile; fileRef = A53F981376B2C36BA88EDE06 /* Pods_Swift4RealTimeChat.framework */; };
		B9DE8627203960E5004F1F42 /* AppDelegate.swift in Sources */ = {isa = PBXBuildFile; fileRef = B9DE8626203960E5004F1F42 /* AppDelegate.swift */; };
		B9DE8629203960E5004F1F42 /* ViewController.swift in Sources */ = {isa = PBXBuildFile; fileRef = B9DE8628203960E5004F1F42 /* ViewController.swift */; };
		B9DE862C203960E5004F1F42 /* Main.storyboard in Resources */ = {isa = PBXBuildFile; fileRef = B9DE862A203960E5004F1F42 /* Main.storyboard */; };
		B9DE862E203960E5004F1F42 /* Assets.xcassets in Resources */ = {isa = PBXBuildFile; fileRef = B9DE862D203960E5004F1F42 /* Assets.xcassets */; };
		B9DE8631203960E5004F1F42 /* LaunchScreen.storyboard in Resources */ = {isa = PBXBuildFile; fileRef = B9DE862F203960E5004F1F42 /* LaunchScreen.storyboard */; };
		B9DE8639203961F4004F1F42 /* GoogleService-Info.plist in Resources */ = {isa = PBXBuildFile; fileRef = B9DE8638203961F4004F1F42 /* GoogleService-Info.plist */; };
		B9FBE73C203E6AD900BC8A45 /* hukidashi.png in Resources */ = {isa = PBXBuildFile; fileRef = B9FBE73B203E6AD900BC8A45 /* hukidashi.png */; };
/* End PBXBuildFile section */

/* Begin PBXFileReference section */
		6E25C75A47C81BE3EAAE12F4 /* Pods-Swift4RealTimeChat.debug.xcconfig */ = {isa = PBXFileReference; includeInIndex = 1; lastKnownFileType = text.xcconfig; name = "Pods-Swift4RealTimeChat.debug.xcconfig"; path = "Pods/Target Support Files/Pods-Swift4RealTimeChat/Pods-Swift4RealTimeChat.debug.xcconfig"; sourceTree = "<group>"; };
		A53F981376B2C36BA88EDE06 /* Pods_Swift4RealTimeChat.framework */ = {isa = PBXFileReference; explicitFileType = wrapper.framework; includeInIndex = 0; path = Pods_Swift4RealTimeChat.framework; sourceTree = BUILT_PRODUCTS_DIR; };
		B9DE8623203960E5004F1F42 /* Swift4RealTimeChat.app */ = {isa = PBXFileReference; explicitFileType = wrapper.application; includeInIndex = 0; path = Swift4RealTimeChat.app; sourceTree = BUILT_PRODUCTS_DIR; };
		B9DE8626203960E5004F1F42 /* AppDelegate.swift */ = {isa = PBXFileReference; lastKnownFileType = sourcecode.swift; path = AppDelegate.swift; sourceTree = "<group>"; };
		B9DE8628203960E5004F1F42 /* ViewController.swift */ = {isa = PBXFileReference; lastKnownFileType = sourcecode.swift; path = ViewController.swift; sourceTree = "<group>"; };
		B9DE862B203960E5004F1F42 /* Base */ = {isa = PBXFileReference; lastKnownFileType = file.storyboard; name = Base; path = Base.lproj/Main.storyboard; sourceTree = "<group>"; };
		B9DE862D203960E5004F1F42 /* Assets.xcassets */ = {isa = PBXFileReference; lastKnownFileType = folder.assetcatalog; path = Assets.xcassets; sourceTree = "<group>"; };
		B9DE8630203960E5004F1F42 /* Base */ = {isa = PBXFileReference; lastKnownFileType = file.storyboard; name = Base; path = Base.lproj/LaunchScreen.storyboard; sourceTree = "<group>"; };
		B9DE8632203960E6004F1F42 /* Info.plist */ = {isa = PBXFileReference; lastKnownFileType = text.plist.xml; path = Info.plist; sourceTree = "<group>"; };
		B9DE8638203961F4004F1F42 /* GoogleService-Info.plist */ = {isa = PBXFileReference; fileEncoding = 4; lastKnownFileType = text.plist.xml; path = "GoogleService-Info.plist"; sourceTree = "<group>"; };
		B9FBE73B203E6AD900BC8A45 /* hukidashi.png */ = {isa = PBXFileReference; lastKnownFileType = image.png; path = hukidashi.png; sourceTree = "<group>"; };
		DBE4DA1142ED7A7C7DED9665 /* Pods-Swift4RealTimeChat.release.xcconfig */ = {isa = PBXFileReference; includeInIndex = 1; lastKnownFileType = text.xcconfig; name = "Pods-Swift4RealTimeChat.release.xcconfig"; path = "Pods/Target Support Files/Pods-Swift4RealTimeChat/Pods-Swift4RealTimeChat.release.xcconfig"; sourceTree = "<group>"; };
/* End PBXFileReference section */

/* Begin PBXFrameworksBuildPhase section */
		B9DE8620203960E5004F1F42 /* Frameworks */ = {
			isa = PBXFrameworksBuildPhase;
			buildActionMask = 2147483647;
			files = (
				286B14C39BC910215785E03B /* Pods_Swift4RealTimeChat.framework in Frameworks */,
			);
			runOnlyForDeploymentPostprocessing = 0;
		};
/* End PBXFrameworksBuildPhase section */

/* Begin PBXGroup section */
		2B2930C0B375465638546403 /* Pods */ = {
			isa = PBXGroup;
			children = (
				6E25C75A47C81BE3EAAE12F4 /* Pods-Swift4RealTimeChat.debug.xcconfig */,
				DBE4DA1142ED7A7C7DED9665 /* Pods-Swift4RealTimeChat.release.xcconfig */,
			);
			name = Pods;
			sourceTree = "<group>";
		};
		B9DE861A203960E5004F1F42 = {
			isa = PBXGroup;
			children = (
				B9DE8625203960E5004F1F42 /* Swift4RealTimeChat */,
				B9DE8624203960E5004F1F42 /* Products */,
				2B2930C0B375465638546403 /* Pods */,
				D6487CDD4C04C159BE253CB8 /* Frameworks */,
			);
			sourceTree = "<group>";
		};
		B9DE8624203960E5004F1F42 /* Products */ = {
			isa = PBXGroup;
			children = (
				B9DE8623203960E5004F1F42 /* Swift4RealTimeChat.app */,
			);
			name = Products;
			sourceTree = "<group>";
		};
		B9DE8625203960E5004F1F42 /* Swift4RealTimeChat */ = {
			isa = PBXGroup;
			children = (
				B9FBE73B203E6AD900BC8A45 /* hukidashi.png */,
				B9DE8638203961F4004F1F42 /* GoogleService-Info.plist */,
				B9DE8626203960E5004F1F42 /* AppDelegate.swift */,
				B9DE8628203960E5004F1F42 /* ViewController.swift */,
				B9DE862A203960E5004F1F42 /* Main.storyboard */,
				B9DE862D203960E5004F1F42 /* Assets.xcassets */,
				B9DE862F203960E5004F1F42 /* LaunchScreen.storyboard */,
				B9DE8632203960E6004F1F42 /* Info.plist */,
			);
			path = Swift4RealTimeChat;
			sourceTree = "<group>";
		};
		D6487CDD4C04C159BE253CB8 /* Frameworks */ = {
			isa = PBXGroup;
			children = (
				A53F981376B2C36BA88EDE06 /* Pods_Swift4RealTimeChat.framework */,
			);
			name = Frameworks;
			sourceTree = "<group>";
		};
/* End PBXGroup section */

/* Begin PBXNativeTarget section */
		B9DE8622203960E5004F1F42 /* Swift4RealTimeChat */ = {
			isa = PBXNativeTarget;
			buildConfigurationList = B9DE8635203960E6004F1F42 /* Build configuration list for PBXNativeTarget "Swift4RealTimeChat" */;
			buildPhases = (
				E7D3A43C7CF5251D3DE83F12 /* [CP] Check Pods Manifest.lock */,
				B9DE861F203960E5004F1F42 /* Sources */,
				B9DE8620203960E5004F1F42 /* Frameworks */,
				B9DE8621203960E5004F1F42 /* Resources */,
				68BE13EFC54F1414254AA937 /* [CP] Embed Pods Frameworks */,
				259AD9F36164C80D1524EB9B /* [CP] Copy Pods Resources */,
			);
			buildRules = (
			);
			dependencies = (
			);
			name = Swift4RealTimeChat;
			productName = Swift4RealTimeChat;
			productReference = B9DE8623203960E5004F1F42 /* Swift4RealTimeChat.app */;
			productType = "com.apple.product-type.application";
		};
/* End PBXNativeTarget section */

/* Begin PBXProject section */
		B9DE861B203960E5004F1F42 /* Project object */ = {
			isa = PBXProject;
			attributes = {
				LastSwiftUpdateCheck = 0920;
				LastUpgradeCheck = 0920;
				ORGANIZATIONNAME = "tatsumi kentaro";
				TargetAttributes = {
					B9DE8622203960E5004F1F42 = {
						CreatedOnToolsVersion = 9.2;
						ProvisioningStyle = Automatic;
					};
				};
			};
			buildConfigurationList = B9DE861E203960E5004F1F42 /* Build configuration list for PBXProject "Swift4RealTimeChat" */;
			compatibilityVersion = "Xcode 8.0";
			developmentRegion = en;
			hasScannedForEncodings = 0;
			knownRegions = (
				en,
				Base,
			);
			mainGroup = B9DE861A203960E5004F1F42;
			productRefGroup = B9DE8624203960E5004F1F42 /* Products */;
			projectDirPath = "";
			projectRoot = "";
			targets = (
				B9DE8622203960E5004F1F42 /* Swift4RealTimeChat */,
			);
		};
/* End PBXProject section */

/* Begin PBXResourcesBuildPhase section */
		B9DE8621203960E5004F1F42 /* Resources */ = {
			isa = PBXResourcesBuildPhase;
			buildActionMask = 2147483647;
			files = (
				B9DE8639203961F4004F1F42 /* GoogleService-Info.plist in Resources */,
				B9FBE73C203E6AD900BC8A45 /* hukidashi.png in Resources */,
				B9DE8631203960E5004F1F42 /* LaunchScreen.storyboard in Resources */,
				B9DE862E203960E5004F1F42 /* Assets.xcassets in Resources */,
				B9DE862C203960E5004F1F42 /* Main.storyboard in Resources */,
			);
			runOnlyForDeploymentPostprocessing = 0;
		};
/* End PBXResourcesBuildPhase section */

/* Begin PBXShellScriptBuildPhase section */
		259AD9F36164C80D1524EB9B /* [CP] Copy Pods Resources */ = {
			isa = PBXShellScriptBuildPhase;
			buildActionMask = 2147483647;
			files = (
			);
			inputPaths = (
			);
			name = "[CP] Copy Pods Resources";
			outputPaths = (
			);
			runOnlyForDeploymentPostprocessing = 0;
			shellPath = /bin/sh;
			shellScript = "\"${SRCROOT}/Pods/Target Support Files/Pods-Swift4RealTimeChat/Pods-Swift4RealTimeChat-resources.sh\"\n";
			showEnvVarsInLog = 0;
		};
		68BE13EFC54F1414254AA937 /* [CP] Embed Pods Frameworks */ = {
			isa = PBXShellScriptBuildPhase;
			buildActionMask = 2147483647;
			files = (
			);
			inputPaths = (
				"${SRCROOT}/Pods/Target Support Files/Pods-Swift4RealTimeChat/Pods-Swift4RealTimeChat-frameworks.sh",
				"${BUILT_PRODUCTS_DIR}/GoogleToolboxForMac/GoogleToolboxForMac.framework",
				"${BUILT_PRODUCTS_DIR}/leveldb-library/leveldb.framework",
				"${BUILT_PRODUCTS_DIR}/nanopb/nanopb.framework",
			);
			name = "[CP] Embed Pods Frameworks";
			outputPaths = (
				"${TARGET_BUILD_DIR}/${FRAMEWORKS_FOLDER_PATH}/GoogleToolboxForMac.framework",
				"${TARGET_BUILD_DIR}/${FRAMEWORKS_FOLDER_PATH}/leveldb.framework",
				"${TARGET_BUILD_DIR}/${FRAMEWORKS_FOLDER_PATH}/nanopb.framework",
			);
			runOnlyForDeploymentPostprocessing = 0;
			shellPath = /bin/sh;
			shellScript = "\"${SRCROOT}/Pods/Target Support Files/Pods-Swift4RealTimeChat/Pods-Swift4RealTimeChat-frameworks.sh\"\n";
			showEnvVarsInLog = 0;
		};
		E7D3A43C7CF5251D3DE83F12 /* [CP] Check Pods Manifest.lock */ = {
			isa = PBXShellScriptBuildPhase;
			buildActionMask = 2147483647;
			files = (
			);
			inputPaths = (
				"${PODS_PODFILE_DIR_PATH}/Podfile.lock",
				"${PODS_ROOT}/Manifest.lock",
			);
			name = "[CP] Check Pods Manifest.lock";
			outputPaths = (
				"$(DERIVED_FILE_DIR)/Pods-Swift4RealTimeChat-checkManifestLockResult.txt",
			);
			runOnlyForDeploymentPostprocessing = 0;
			shellPath = /bin/sh;
			shellScript = "diff \"${PODS_PODFILE_DIR_PATH}/Podfile.lock\" \"${PODS_ROOT}/Manifest.lock\" > /dev/null\nif [ $? != 0 ] ; then\n    # print error to STDERR\n    echo \"error: The sandbox is not in sync with the Podfile.lock. Run 'pod install' or update your CocoaPods installation.\" >&2\n    exit 1\nfi\n# This output is used by Xcode 'outputs' to avoid re-running this script phase.\necho \"SUCCESS\" > \"${SCRIPT_OUTPUT_FILE_0}\"\n";
			showEnvVarsInLog = 0;
		};
/* End PBXShellScriptBuildPhase section */

/* Begin PBXSourcesBuildPhase section */
		B9DE861F203960E5004F1F42 /* Sources */ = {
			isa = PBXSourcesBuildPhase;
			buildActionMask = 2147483647;
			files = (
				B9DE8629203960E5004F1F42 /* ViewController.swift in Sources */,
				B9DE8627203960E5004F1F42 /* AppDelegate.swift in Sources */,
			);
			runOnlyForDeploymentPostprocessing = 0;
		};
/* End PBXSourcesBuildPhase section */

/* Begin PBXVariantGroup section */
		B9DE862A203960E5004F1F42 /* Main.storyboard */ = {
			isa = PBXVariantGroup;
			children = (
				B9DE862B203960E5004F1F42 /* Base */,
			);
			name = Main.storyboard;
			sourceTree = "<group>";
		};
		B9DE862F203960E5004F1F42 /* LaunchScreen.storyboard */ = {
			isa = PBXVariantGroup;
			children = (
				B9DE8630203960E5004F1F42 /* Base */,
			);
			name = LaunchScreen.storyboard;
			sourceTree = "<group>";
		};
/* End PBXVariantGroup section */

/* Begin XCBuildConfiguration section */
		B9DE8633203960E6004F1F42 /* Debug */ = {
			isa = XCBuildConfiguration;
			buildSettings = {
				ALWAYS_SEARCH_USER_PATHS = NO;
				CLANG_ANALYZER_NONNULL = YES;
				CLANG_ANALYZER_NUMBER_OBJECT_CONVERSION = YES_AGGRESSIVE;
				CLANG_CXX_LANGUAGE_STANDARD = "gnu++14";
				CLANG_CXX_LIBRARY = "libc++";
				CLANG_ENABLE_MODULES = YES;
				CLANG_ENABLE_OBJC_ARC = YES;
				CLANG_WARN_BLOCK_CAPTURE_AUTORELEASING = YES;
				CLANG_WARN_BOOL_CONVERSION = YES;
				CLANG_WARN_COMMA = YES;
				CLANG_WARN_CONSTANT_CONVERSION = YES;
				CLANG_WARN_DIRECT_OBJC_ISA_USAGE = YES_ERROR;
				CLANG_WARN_DOCUMENTATION_COMMENTS = YES;
				CLANG_WARN_EMPTY_BODY = YES;
				CLANG_WARN_ENUM_CONVERSION = YES;
				CLANG_WARN_INFINITE_RECURSION = YES;
				CLANG_WARN_INT_CONVERSION = YES;
				CLANG_WARN_NON_LITERAL_NULL_CONVERSION = YES;
				CLANG_WARN_OBJC_LITERAL_CONVERSION = YES;
				CLANG_WARN_OBJC_ROOT_CLASS = YES_ERROR;
				CLANG_WARN_RANGE_LOOP_ANALYSIS = YES;
				CLANG_WARN_STRICT_PROTOTYPES = YES;
				CLANG_WARN_SUSPICIOUS_MOVE = YES;
				CLANG_WARN_UNGUARDED_AVAILABILITY = YES_AGGRESSIVE;
				CLANG_WARN_UNREACHABLE_CODE = YES;
				CLANG_WARN__DUPLICATE_METHOD_MATCH = YES;
				CODE_SIGN_IDENTITY = "iPhone Developer";
				COPY_PHASE_STRIP = NO;
				DEBUG_INFORMATION_FORMAT = dwarf;
				ENABLE_STRICT_OBJC_MSGSEND = YES;
				ENABLE_TESTABILITY = YES;
				GCC_C_LANGUAGE_STANDARD = gnu11;
				GCC_DYNAMIC_NO_PIC = NO;
				GCC_NO_COMMON_BLOCKS = YES;
				GCC_OPTIMIZATION_LEVEL = 0;
				GCC_PREPROCESSOR_DEFINITIONS = (
					"DEBUG=1",
					"$(inherited)",
				);
				GCC_WARN_64_TO_32_BIT_CONVERSION = YES;
				GCC_WARN_ABOUT_RETURN_TYPE = YES_ERROR;
				GCC_WARN_UNDECLARED_SELECTOR = YES;
				GCC_WARN_UNINITIALIZED_AUTOS = YES_AGGRESSIVE;
				GCC_WARN_UNUSED_FUNCTION = YES;
				GCC_WARN_UNUSED_VARIABLE = YES;
				IPHONEOS_DEPLOYMENT_TARGET = 11.2;
				MTL_ENABLE_DEBUG_INFO = YES;
				ONLY_ACTIVE_ARCH = YES;
				SDKROOT = iphoneos;
				SWIFT_ACTIVE_COMPILATION_CONDITIONS = DEBUG;
				SWIFT_OPTIMIZATION_LEVEL = "-Onone";
			};
			name = Debug;
		};
		B9DE8634203960E6004F1F42 /* Release */ = {
			isa = XCBuildConfiguration;
			buildSettings = {
				ALWAYS_SEARCH_USER_PATHS = NO;
				CLANG_ANALYZER_NONNULL = YES;
				CLANG_ANALYZER_NUMBER_OBJECT_CONVERSION = YES_AGGRESSIVE;
				CLANG_CXX_LANGUAGE_STANDARD = "gnu++14";
				CLANG_CXX_LIBRARY = "libc++";
				CLANG_ENABLE_MODULES = YES;
				CLANG_ENABLE_OBJC_ARC = YES;
				CLANG_WARN_BLOCK_CAPTURE_AUTORELEASING = YES;
				CLANG_WARN_BOOL_CONVERSION = YES;
				CLANG_WARN_COMMA = YES;
				CLANG_WARN_CONSTANT_CONVERSION = YES;
				CLANG_WARN_DIRECT_OBJC_ISA_USAGE = YES_ERROR;
				CLANG_WARN_DOCUMENTATION_COMMENTS = YES;
				CLANG_WARN_EMPTY_BODY = YES;
				CLANG_WARN_ENUM_CONVERSION = YES;
				CLANG_WARN_INFINITE_RECURSION = YES;
				CLANG_WARN_INT_CONVERSION = YES;
				CLANG_WARN_NON_LITERAL_NULL_CONVERSION = YES;
				CLANG_WARN_OBJC_LITERAL_CONVERSION = YES;
				CLANG_WARN_OBJC_ROOT_CLASS = YES_ERROR;
				CLANG_WARN_RANGE_LOOP_ANALYSIS = YES;
				CLANG_WARN_STRICT_PROTOTYPES = YES;
				CLANG_WARN_SUSPICIOUS_MOVE = YES;
				CLANG_WARN_UNGUARDED_AVAILABILITY = YES_AGGRESSIVE;
				CLANG_WARN_UNREACHABLE_CODE = YES;
				CLANG_WARN__DUPLICATE_METHOD_MATCH = YES;
				CODE_SIGN_IDENTITY = "iPhone Developer";
				COPY_PHASE_STRIP = NO;
				DEBUG_INFORMATION_FORMAT = "dwarf-with-dsym";
				ENABLE_NS_ASSERTIONS = NO;
				ENABLE_STRICT_OBJC_MSGSEND = YES;
				GCC_C_LANGUAGE_STANDARD = gnu11;
				GCC_NO_COMMON_BLOCKS = YES;
				GCC_WARN_64_TO_32_BIT_CONVERSION = YES;
				GCC_WARN_ABOUT_RETURN_TYPE = YES_ERROR;
				GCC_WARN_UNDECLARED_SELECTOR = YES;
				GCC_WARN_UNINITIALIZED_AUTOS = YES_AGGRESSIVE;
				GCC_WARN_UNUSED_FUNCTION = YES;
				GCC_WARN_UNUSED_VARIABLE = YES;
				IPHONEOS_DEPLOYMENT_TARGET = 11.2;
				MTL_ENABLE_DEBUG_INFO = NO;
				SDKROOT = iphoneos;
				SWIFT_OPTIMIZATION_LEVEL = "-Owholemodule";
				VALIDATE_PRODUCT = YES;
			};
			name = Release;
		};
		B9DE8636203960E6004F1F42 /* Debug */ = {
			isa = XCBuildConfiguration;
			baseConfigurationReference = 6E25C75A47C81BE3EAAE12F4 /* Pods-Swift4RealTimeChat.debug.xcconfig */;
			buildSettings = {
				ASSETCATALOG_COMPILER_APPICON_NAME = AppIcon;
				CODE_SIGN_STYLE = Automatic;
				DEVELOPMENT_TEAM = TBZF3HX4JL;
				INFOPLIST_FILE = Swift4RealTimeChat/Info.plist;
				LD_RUNPATH_SEARCH_PATHS = "$(inherited) @executable_path/Frameworks";
				PRODUCT_BUNDLE_IDENTIFIER = jp.ne.sakura.tatsumi44.Swift4RealTimeChat;
				PRODUCT_NAME = "$(TARGET_NAME)";
				SWIFT_VERSION = 4.0;
				TARGETED_DEVICE_FAMILY = "1,2";
			};
			name = Debug;
		};
		B9DE8637203960E6004F1F42 /* Release */ = {
			isa = XCBuildConfiguration;
			baseConfigurationReference = DBE4DA1142ED7A7C7DED9665 /* Pods-Swift4RealTimeChat.release.xcconfig */;
			buildSettings = {
				ASSETCATALOG_COMPILER_APPICON_NAME = AppIcon;
				CODE_SIGN_STYLE = Automatic;
				DEVELOPMENT_TEAM = TBZF3HX4JL;
				INFOPLIST_FILE = Swift4RealTimeChat/Info.plist;
				LD_RUNPATH_SEARCH_PATHS = "$(inherited) @executable_path/Frameworks";
				PRODUCT_BUNDLE_IDENTIFIER = jp.ne.sakura.tatsumi44.Swift4RealTimeChat;
				PRODUCT_NAME = "$(TARGET_NAME)";
				SWIFT_VERSION = 4.0;
				TARGETED_DEVICE_FAMILY = "1,2";
			};
			name = Release;
		};
/* End XCBuildConfiguration section */

/* Begin XCConfigurationList section */
		B9DE861E203960E5004F1F42 /* Build configuration list for PBXProject "Swift4RealTimeChat" */ = {
			isa = XCConfigurationList;
			buildConfigurations = (
				B9DE8633203960E6004F1F42 /* Debug */,
				B9DE8634203960E6004F1F42 /* Release */,
			);
			defaultConfigurationIsVisible = 0;
			defaultConfigurationName = Release;
		};
		B9DE8635203960E6004F1F42 /* Build configuration list for PBXNativeTarget "Swift4RealTimeChat" */ = {
			isa = XCConfigurationList;
			buildConfigurations = (
				B9DE8636203960E6004F1F42 /* Debug */,
				B9DE8637203960E6004F1F42 /* Release */,
			);
			defaultConfigurationIsVisible = 0;
			defaultConfigurationName = Release;
		};
/* End XCConfigurationList section */
	};
	rootObject = B9DE861B203960E5004F1F42 /* Project object */;
}
